// !$*UTF8*$!
{
	archiveVersion = 1;
	classes = {
	};
	objectVersion = 46;
	objects = {

/* Begin PBXBuildFile section */
		492B4C68C1DE2EA097C9678C /* Pods_DoIOwnIt.framework in Frameworks */ = {isa = PBXBuildFile; fileRef = C2DB8370076BA69528393976 /* Pods_DoIOwnIt.framework */; };
		702012CC1EFEF738002E2132 /* GoogleService-beta-Info.plist in Resources */ = {isa = PBXBuildFile; fileRef = 702012CB1EFEF738002E2132 /* GoogleService-beta-Info.plist */; };
		702012D01EFF0552002E2132 /* MovieDetailsViewModel.swift in Sources */ = {isa = PBXBuildFile; fileRef = 70749B7B1E5F371100F2CC8C /* MovieDetailsViewModel.swift */; };
		702012D11EFF0552002E2132 /* Movie.swift in Sources */ = {isa = PBXBuildFile; fileRef = 70749B6F1E5CFF9E00F2CC8C /* Movie.swift */; };
		702012D21EFF0552002E2132 /* MovieListTableViewController.swift in Sources */ = {isa = PBXBuildFile; fileRef = 70749B581E5BC0DC00F2CC8C /* MovieListTableViewController.swift */; };
		702012D31EFF0552002E2132 /* Response.swift in Sources */ = {isa = PBXBuildFile; fileRef = 70DC75411E563CE500115439 /* Response.swift */; };
		702012D41EFF0552002E2132 /* StringUtil.swift in Sources */ = {isa = PBXBuildFile; fileRef = 7081781D1EA5E4E4008AB7D5 /* StringUtil.swift */; };
		702012D51EFF0552002E2132 /* StorageSelectionViewModel.swift in Sources */ = {isa = PBXBuildFile; fileRef = 70EDA6481E6E984800A7FA42 /* StorageSelectionViewModel.swift */; };
		702012D61EFF0552002E2132 /* Cast.swift in Sources */ = {isa = PBXBuildFile; fileRef = 70749B7D1E61EF2C00F2CC8C /* Cast.swift */; };
		702012D71EFF0552002E2132 /* MovieManager.swift in Sources */ = {isa = PBXBuildFile; fileRef = 70749B5C1E5BC18E00F2CC8C /* MovieManager.swift */; };
		702012D81EFF0552002E2132 /* ConfigUtil.swift in Sources */ = {isa = PBXBuildFile; fileRef = 70749B631E5BE5EE00F2CC8C /* ConfigUtil.swift */; };
		702012D91EFF0552002E2132 /* StorageSelectionViewController.swift in Sources */ = {isa = PBXBuildFile; fileRef = 70749B851E66579900F2CC8C /* StorageSelectionViewController.swift */; };
		702012DA1EFF0552002E2132 /* APIList.swift in Sources */ = {isa = PBXBuildFile; fileRef = 70749B671E5BE98B00F2CC8C /* APIList.swift */; };
		702012DB1EFF0552002E2132 /* LoginViewController.swift in Sources */ = {isa = PBXBuildFile; fileRef = 70DC75391E5633EF00115439 /* LoginViewController.swift */; };
		702012DC1EFF0552002E2132 /* UserMovieManager.swift in Sources */ = {isa = PBXBuildFile; fileRef = 70EDA6561E714BE100A7FA42 /* UserMovieManager.swift */; };
		702012DD1EFF0552002E2132 /* UserRepositoryProtocol.swift in Sources */ = {isa = PBXBuildFile; fileRef = 706145801E5B70BE00A18A7E /* UserRepositoryProtocol.swift */; };
		702012DE1EFF0552002E2132 /* UserMovieLibraryViewController.swift in Sources */ = {isa = PBXBuildFile; fileRef = 70EDA65C1E71BA0200A7FA42 /* UserMovieLibraryViewController.swift */; };
		702012DF1EFF0552002E2132 /* MovieDetailsViewController.swift in Sources */ = {isa = PBXBuildFile; fileRef = 70749B781E5E60E200F2CC8C /* MovieDetailsViewController.swift */; };
		702012E01EFF0552002E2132 /* NetworkOperation.swift in Sources */ = {isa = PBXBuildFile; fileRef = 70749B691E5BEA0400F2CC8C /* NetworkOperation.swift */; };
		702012E11EFF0552002E2132 /* StorageDetailTableViewCell.swift in Sources */ = {isa = PBXBuildFile; fileRef = 70EDA6431E6D3EA600A7FA42 /* StorageDetailTableViewCell.swift */; };
		702012E21EFF0552002E2132 /* StorageMethod.swift in Sources */ = {isa = PBXBuildFile; fileRef = 70749B831E65D00800F2CC8C /* StorageMethod.swift */; };
		702012E31EFF0552002E2132 /* MovieLibraryTableViewCell.swift in Sources */ = {isa = PBXBuildFile; fileRef = 70EDA65E1E71F59F00A7FA42 /* MovieLibraryTableViewCell.swift */; };
		702012E41EFF0552002E2132 /* HTTPRequest.swift in Sources */ = {isa = PBXBuildFile; fileRef = 70749B611E5BE56A00F2CC8C /* HTTPRequest.swift */; };
		702012E51EFF0552002E2132 /* StorageManager.swift in Sources */ = {isa = PBXBuildFile; fileRef = 70EDA64A1E6F348D00A7FA42 /* StorageManager.swift */; };
		702012E61EFF0552002E2132 /* UserMovieManagerProtocol.swift in Sources */ = {isa = PBXBuildFile; fileRef = 70EDA6581E714EBB00A7FA42 /* UserMovieManagerProtocol.swift */; };
		702012E71EFF0552002E2132 /* UserMovieRepository.swift in Sources */ = {isa = PBXBuildFile; fileRef = 70EDA64C1E6F361D00A7FA42 /* UserMovieRepository.swift */; };
		702012E81EFF0552002E2132 /* AsynchronousOperation.swift in Sources */ = {isa = PBXBuildFile; fileRef = 70DC75461E563EF600115439 /* AsynchronousOperation.swift */; };
		702012E91EFF0552002E2132 /* UserManagerProtocol.swift in Sources */ = {isa = PBXBuildFile; fileRef = 706145861E5B8FD100A18A7E /* UserManagerProtocol.swift */; };
		702012EA1EFF0552002E2132 /* StorageType.swift in Sources */ = {isa = PBXBuildFile; fileRef = 70749B811E65CEC100F2CC8C /* StorageType.swift */; };
		702012EB1EFF0552002E2132 /* UserMovieLibraryViewModel.swift in Sources */ = {isa = PBXBuildFile; fileRef = 70EDA65A1E71507500A7FA42 /* UserMovieLibraryViewModel.swift */; };
		702012EC1EFF0552002E2132 /* AppDelegate.swift in Sources */ = {isa = PBXBuildFile; fileRef = 70DC75111E5627D900115439 /* AppDelegate.swift */; };
		702012ED1EFF0552002E2132 /* StorageManagerProtocol.swift in Sources */ = {isa = PBXBuildFile; fileRef = 70EDA6521E6F859100A7FA42 /* StorageManagerProtocol.swift */; };
		702012EE1EFF0552002E2132 /* MovieManagerProtocol.swift in Sources */ = {isa = PBXBuildFile; fileRef = 70749B5A1E5BC15F00F2CC8C /* MovieManagerProtocol.swift */; };
		702012EF1EFF0552002E2132 /* UserRepositoryOperation.swift in Sources */ = {isa = PBXBuildFile; fileRef = 70DC75491E563F5600115439 /* UserRepositoryOperation.swift */; };
		702012F01EFF0552002E2132 /* UserRepository.swift in Sources */ = {isa = PBXBuildFile; fileRef = 7061457E1E5B706E00A18A7E /* UserRepository.swift */; };
		702012F11EFF0552002E2132 /* JSON.swift in Sources */ = {isa = PBXBuildFile; fileRef = 70EDA6541E7127D400A7FA42 /* JSON.swift */; };
		702012F21EFF0552002E2132 /* RadioButton.swift in Sources */ = {isa = PBXBuildFile; fileRef = 70EDA6461E6E1C0800A7FA42 /* RadioButton.swift */; };
		702012F31EFF0552002E2132 /* UserMovieRespositoryProtocol.swift in Sources */ = {isa = PBXBuildFile; fileRef = 70EDA6501E6F671E00A7FA42 /* UserMovieRespositoryProtocol.swift */; };
		702012F41EFF0552002E2132 /* MovieList.swift in Sources */ = {isa = PBXBuildFile; fileRef = 70749B711E5D08F800F2CC8C /* MovieList.swift */; };
		702012F51EFF0552002E2132 /* HTTPRequestProtocol.swift in Sources */ = {isa = PBXBuildFile; fileRef = 70749B5F1E5BE4BA00F2CC8C /* HTTPRequestProtocol.swift */; };
		702012F61EFF0552002E2132 /* LoginViewModel.swift in Sources */ = {isa = PBXBuildFile; fileRef = 70DC753E1E563C7400115439 /* LoginViewModel.swift */; };
		702012F71EFF0552002E2132 /* UserManager.swift in Sources */ = {isa = PBXBuildFile; fileRef = 706145831E5B763500A18A7E /* UserManager.swift */; };
		702012F81EFF0552002E2132 /* User.swift in Sources */ = {isa = PBXBuildFile; fileRef = 70DC754C1E563FD800115439 /* User.swift */; };
		702012F91EFF0552002E2132 /* NotificationCenterUtil.swift in Sources */ = {isa = PBXBuildFile; fileRef = 70925E6F1E752FFB00A5B42C /* NotificationCenterUtil.swift */; };
		702012FA1EFF0552002E2132 /* MovieLibraryCollectionViewCell.swift in Sources */ = {isa = PBXBuildFile; fileRef = 705D9E821EA04234007E9DE9 /* MovieLibraryCollectionViewCell.swift */; };
		702012FB1EFF0552002E2132 /* MovieListViewModel.swift in Sources */ = {isa = PBXBuildFile; fileRef = 70749B6B1E5BF2BC00F2CC8C /* MovieListViewModel.swift */; };
		702012FC1EFF0552002E2132 /* UserMovieRepositoryOperation.swift in Sources */ = {isa = PBXBuildFile; fileRef = 70EDA64E1E6F66BA00A7FA42 /* UserMovieRepositoryOperation.swift */; };
		702012FD1EFF0552002E2132 /* MovieListTableViewCell.swift in Sources */ = {isa = PBXBuildFile; fileRef = 70749B761E5D328B00F2CC8C /* MovieListTableViewCell.swift */; };
		702012FE1EFF0552002E2132 /* Crew.swift in Sources */ = {isa = PBXBuildFile; fileRef = 70749B7F1E61F06600F2CC8C /* Crew.swift */; };
		702013001EFF0552002E2132 /* Pods_DoIOwnIt.framework in Frameworks */ = {isa = PBXBuildFile; fileRef = C2DB8370076BA69528393976 /* Pods_DoIOwnIt.framework */; };
		702013021EFF0552002E2132 /* Movie.storyboard in Resources */ = {isa = PBXBuildFile; fileRef = 70DC75501E5658F100115439 /* Movie.storyboard */; };
		702013031EFF0552002E2132 /* Main.storyboard in Resources */ = {isa = PBXBuildFile; fileRef = 70DC75341E56322900115439 /* Main.storyboard */; };
		702013041EFF0552002E2132 /* GoogleService-Info.plist in Resources */ = {isa = PBXBuildFile; fileRef = 70DC753B1E5638CA00115439 /* GoogleService-Info.plist */; };
		702013051EFF0552002E2132 /* Assets.xcassets in Resources */ = {isa = PBXBuildFile; fileRef = 70DC75181E5627D900115439 /* Assets.xcassets */; };
		702013061EFF0552002E2132 /* config_default.plist in Resources */ = {isa = PBXBuildFile; fileRef = 70749B651E5BE6F400F2CC8C /* config_default.plist */; };
		702013071EFF0552002E2132 /* GoogleService-beta-Info.plist in Resources */ = {isa = PBXBuildFile; fileRef = 702012CB1EFEF738002E2132 /* GoogleService-beta-Info.plist */; };
		702013081EFF0552002E2132 /* LaunchScreen.storyboard in Resources */ = {isa = PBXBuildFile; fileRef = 70DC75321E5631EB00115439 /* LaunchScreen.storyboard */; };
		705D9E831EA04234007E9DE9 /* MovieLibraryCollectionViewCell.swift in Sources */ = {isa = PBXBuildFile; fileRef = 705D9E821EA04234007E9DE9 /* MovieLibraryCollectionViewCell.swift */; };
		7061457F1E5B706E00A18A7E /* UserRepository.swift in Sources */ = {isa = PBXBuildFile; fileRef = 7061457E1E5B706E00A18A7E /* UserRepository.swift */; };
		706145811E5B70BE00A18A7E /* UserRepositoryProtocol.swift in Sources */ = {isa = PBXBuildFile; fileRef = 706145801E5B70BE00A18A7E /* UserRepositoryProtocol.swift */; };
		706145841E5B763500A18A7E /* UserManager.swift in Sources */ = {isa = PBXBuildFile; fileRef = 706145831E5B763500A18A7E /* UserManager.swift */; };
		706145871E5B8FD100A18A7E /* UserManagerProtocol.swift in Sources */ = {isa = PBXBuildFile; fileRef = 706145861E5B8FD100A18A7E /* UserManagerProtocol.swift */; };
		70749B591E5BC0DC00F2CC8C /* MovieListTableViewController.swift in Sources */ = {isa = PBXBuildFile; fileRef = 70749B581E5BC0DC00F2CC8C /* MovieListTableViewController.swift */; };
		70749B5B1E5BC15F00F2CC8C /* MovieManagerProtocol.swift in Sources */ = {isa = PBXBuildFile; fileRef = 70749B5A1E5BC15F00F2CC8C /* MovieManagerProtocol.swift */; };
		70749B5D1E5BC18E00F2CC8C /* MovieManager.swift in Sources */ = {isa = PBXBuildFile; fileRef = 70749B5C1E5BC18E00F2CC8C /* MovieManager.swift */; };
		70749B601E5BE4BA00F2CC8C /* HTTPRequestProtocol.swift in Sources */ = {isa = PBXBuildFile; fileRef = 70749B5F1E5BE4BA00F2CC8C /* HTTPRequestProtocol.swift */; };
		70749B621E5BE56A00F2CC8C /* HTTPRequest.swift in Sources */ = {isa = PBXBuildFile; fileRef = 70749B611E5BE56A00F2CC8C /* HTTPRequest.swift */; };
		70749B641E5BE5EE00F2CC8C /* ConfigUtil.swift in Sources */ = {isa = PBXBuildFile; fileRef = 70749B631E5BE5EE00F2CC8C /* ConfigUtil.swift */; };
		70749B661E5BE6F400F2CC8C /* config_default.plist in Resources */ = {isa = PBXBuildFile; fileRef = 70749B651E5BE6F400F2CC8C /* config_default.plist */; };
		70749B681E5BE98B00F2CC8C /* APIList.swift in Sources */ = {isa = PBXBuildFile; fileRef = 70749B671E5BE98B00F2CC8C /* APIList.swift */; };
		70749B6A1E5BEA0400F2CC8C /* NetworkOperation.swift in Sources */ = {isa = PBXBuildFile; fileRef = 70749B691E5BEA0400F2CC8C /* NetworkOperation.swift */; };
		70749B6C1E5BF2BC00F2CC8C /* MovieListViewModel.swift in Sources */ = {isa = PBXBuildFile; fileRef = 70749B6B1E5BF2BC00F2CC8C /* MovieListViewModel.swift */; };
		70749B701E5CFF9E00F2CC8C /* Movie.swift in Sources */ = {isa = PBXBuildFile; fileRef = 70749B6F1E5CFF9E00F2CC8C /* Movie.swift */; };
		70749B721E5D08F800F2CC8C /* MovieList.swift in Sources */ = {isa = PBXBuildFile; fileRef = 70749B711E5D08F800F2CC8C /* MovieList.swift */; };
		70749B771E5D328B00F2CC8C /* MovieListTableViewCell.swift in Sources */ = {isa = PBXBuildFile; fileRef = 70749B761E5D328B00F2CC8C /* MovieListTableViewCell.swift */; };
		70749B791E5E60E200F2CC8C /* MovieDetailsViewController.swift in Sources */ = {isa = PBXBuildFile; fileRef = 70749B781E5E60E200F2CC8C /* MovieDetailsViewController.swift */; };
		70749B7C1E5F371100F2CC8C /* MovieDetailsViewModel.swift in Sources */ = {isa = PBXBuildFile; fileRef = 70749B7B1E5F371100F2CC8C /* MovieDetailsViewModel.swift */; };
		70749B7E1E61EF2C00F2CC8C /* Cast.swift in Sources */ = {isa = PBXBuildFile; fileRef = 70749B7D1E61EF2C00F2CC8C /* Cast.swift */; };
		70749B801E61F06600F2CC8C /* Crew.swift in Sources */ = {isa = PBXBuildFile; fileRef = 70749B7F1E61F06600F2CC8C /* Crew.swift */; };
		70749B821E65CEC100F2CC8C /* StorageType.swift in Sources */ = {isa = PBXBuildFile; fileRef = 70749B811E65CEC100F2CC8C /* StorageType.swift */; };
		70749B841E65D00800F2CC8C /* StorageMethod.swift in Sources */ = {isa = PBXBuildFile; fileRef = 70749B831E65D00800F2CC8C /* StorageMethod.swift */; };
		70749B861E66579900F2CC8C /* StorageSelectionViewController.swift in Sources */ = {isa = PBXBuildFile; fileRef = 70749B851E66579900F2CC8C /* StorageSelectionViewController.swift */; };
		7081781E1EA5E4E4008AB7D5 /* StringUtil.swift in Sources */ = {isa = PBXBuildFile; fileRef = 7081781D1EA5E4E4008AB7D5 /* StringUtil.swift */; };
		70925E701E752FFB00A5B42C /* NotificationCenterUtil.swift in Sources */ = {isa = PBXBuildFile; fileRef = 70925E6F1E752FFB00A5B42C /* NotificationCenterUtil.swift */; };
		70DC75121E5627D900115439 /* AppDelegate.swift in Sources */ = {isa = PBXBuildFile; fileRef = 70DC75111E5627D900115439 /* AppDelegate.swift */; };
		70DC75191E5627D900115439 /* Assets.xcassets in Resources */ = {isa = PBXBuildFile; fileRef = 70DC75181E5627D900115439 /* Assets.xcassets */; };
		70DC75271E5627D900115439 /* DoIOwnItTests.swift in Sources */ = {isa = PBXBuildFile; fileRef = 70DC75261E5627D900115439 /* DoIOwnItTests.swift */; };
		70DC75331E5631EB00115439 /* LaunchScreen.storyboard in Resources */ = {isa = PBXBuildFile; fileRef = 70DC75321E5631EB00115439 /* LaunchScreen.storyboard */; };
		70DC75351E56322900115439 /* Main.storyboard in Resources */ = {isa = PBXBuildFile; fileRef = 70DC75341E56322900115439 /* Main.storyboard */; };
		70DC753A1E5633EF00115439 /* LoginViewController.swift in Sources */ = {isa = PBXBuildFile; fileRef = 70DC75391E5633EF00115439 /* LoginViewController.swift */; };
		70DC753C1E5638CA00115439 /* GoogleService-Info.plist in Resources */ = {isa = PBXBuildFile; fileRef = 70DC753B1E5638CA00115439 /* GoogleService-Info.plist */; };
		70DC753F1E563C7400115439 /* LoginViewModel.swift in Sources */ = {isa = PBXBuildFile; fileRef = 70DC753E1E563C7400115439 /* LoginViewModel.swift */; };
		70DC75421E563CE500115439 /* Response.swift in Sources */ = {isa = PBXBuildFile; fileRef = 70DC75411E563CE500115439 /* Response.swift */; };
		70DC75471E563EF600115439 /* AsynchronousOperation.swift in Sources */ = {isa = PBXBuildFile; fileRef = 70DC75461E563EF600115439 /* AsynchronousOperation.swift */; };
		70DC754A1E563F5600115439 /* UserRepositoryOperation.swift in Sources */ = {isa = PBXBuildFile; fileRef = 70DC75491E563F5600115439 /* UserRepositoryOperation.swift */; };
		70DC754D1E563FD800115439 /* User.swift in Sources */ = {isa = PBXBuildFile; fileRef = 70DC754C1E563FD800115439 /* User.swift */; };
		70DC75511E5658F100115439 /* Movie.storyboard in Resources */ = {isa = PBXBuildFile; fileRef = 70DC75501E5658F100115439 /* Movie.storyboard */; };
		70EDA6441E6D3EA600A7FA42 /* StorageDetailTableViewCell.swift in Sources */ = {isa = PBXBuildFile; fileRef = 70EDA6431E6D3EA600A7FA42 /* StorageDetailTableViewCell.swift */; };
		70EDA6471E6E1C0800A7FA42 /* RadioButton.swift in Sources */ = {isa = PBXBuildFile; fileRef = 70EDA6461E6E1C0800A7FA42 /* RadioButton.swift */; };
		70EDA6491E6E984800A7FA42 /* StorageSelectionViewModel.swift in Sources */ = {isa = PBXBuildFile; fileRef = 70EDA6481E6E984800A7FA42 /* StorageSelectionViewModel.swift */; };
		70EDA64B1E6F348D00A7FA42 /* StorageManager.swift in Sources */ = {isa = PBXBuildFile; fileRef = 70EDA64A1E6F348D00A7FA42 /* StorageManager.swift */; };
		70EDA64D1E6F361D00A7FA42 /* UserMovieRepository.swift in Sources */ = {isa = PBXBuildFile; fileRef = 70EDA64C1E6F361D00A7FA42 /* UserMovieRepository.swift */; };
		70EDA64F1E6F66BA00A7FA42 /* UserMovieRepositoryOperation.swift in Sources */ = {isa = PBXBuildFile; fileRef = 70EDA64E1E6F66BA00A7FA42 /* UserMovieRepositoryOperation.swift */; };
		70EDA6511E6F671E00A7FA42 /* UserMovieRespositoryProtocol.swift in Sources */ = {isa = PBXBuildFile; fileRef = 70EDA6501E6F671E00A7FA42 /* UserMovieRespositoryProtocol.swift */; };
		70EDA6531E6F859100A7FA42 /* StorageManagerProtocol.swift in Sources */ = {isa = PBXBuildFile; fileRef = 70EDA6521E6F859100A7FA42 /* StorageManagerProtocol.swift */; };
		70EDA6551E7127D400A7FA42 /* JSON.swift in Sources */ = {isa = PBXBuildFile; fileRef = 70EDA6541E7127D400A7FA42 /* JSON.swift */; };
		70EDA6571E714BE100A7FA42 /* UserMovieManager.swift in Sources */ = {isa = PBXBuildFile; fileRef = 70EDA6561E714BE100A7FA42 /* UserMovieManager.swift */; };
		70EDA6591E714EBB00A7FA42 /* UserMovieManagerProtocol.swift in Sources */ = {isa = PBXBuildFile; fileRef = 70EDA6581E714EBB00A7FA42 /* UserMovieManagerProtocol.swift */; };
		70EDA65B1E71507500A7FA42 /* UserMovieLibraryViewModel.swift in Sources */ = {isa = PBXBuildFile; fileRef = 70EDA65A1E71507500A7FA42 /* UserMovieLibraryViewModel.swift */; };
		70EDA65D1E71BA0200A7FA42 /* UserMovieLibraryViewController.swift in Sources */ = {isa = PBXBuildFile; fileRef = 70EDA65C1E71BA0200A7FA42 /* UserMovieLibraryViewController.swift */; };
		70EDA65F1E71F59F00A7FA42 /* MovieLibraryTableViewCell.swift in Sources */ = {isa = PBXBuildFile; fileRef = 70EDA65E1E71F59F00A7FA42 /* MovieLibraryTableViewCell.swift */; };
		8568CAFF9EAE757733F4FBDE /* Pods_DoIOwnItTests.framework in Frameworks */ = {isa = PBXBuildFile; fileRef = 7899E2F13DEAFF2E443F2BB9 /* Pods_DoIOwnItTests.framework */; };
/* End PBXBuildFile section */

/* Begin PBXContainerItemProxy section */
		70DC75231E5627D900115439 /* PBXContainerItemProxy */ = {
			isa = PBXContainerItemProxy;
			containerPortal = 70DC75061E5627D900115439 /* Project object */;
			proxyType = 1;
			remoteGlobalIDString = 70DC750D1E5627D900115439;
			remoteInfo = DoIOwnIt;
		};
/* End PBXContainerItemProxy section */

/* Begin PBXFileReference section */
		3400611429ED1FAE7D28151E /* Pods-DoIOwnIt.release.xcconfig */ = {isa = PBXFileReference; includeInIndex = 1; lastKnownFileType = text.xcconfig; name = "Pods-DoIOwnIt.release.xcconfig"; path = "Pods/Target Support Files/Pods-DoIOwnIt/Pods-DoIOwnIt.release.xcconfig"; sourceTree = "<group>"; };
		4A3C85C8257F0A4CCA267735 /* Pods-DoIOwnItTests.release.xcconfig */ = {isa = PBXFileReference; includeInIndex = 1; lastKnownFileType = text.xcconfig; name = "Pods-DoIOwnItTests.release.xcconfig"; path = "Pods/Target Support Files/Pods-DoIOwnItTests/Pods-DoIOwnItTests.release.xcconfig"; sourceTree = "<group>"; };
		6C726D724955055D6F069773 /* Pods-DoIOwnItTests.debug.xcconfig */ = {isa = PBXFileReference; includeInIndex = 1; lastKnownFileType = text.xcconfig; name = "Pods-DoIOwnItTests.debug.xcconfig"; path = "Pods/Target Support Files/Pods-DoIOwnItTests/Pods-DoIOwnItTests.debug.xcconfig"; sourceTree = "<group>"; };
		702012CB1EFEF738002E2132 /* GoogleService-beta-Info.plist */ = {isa = PBXFileReference; fileEncoding = 4; lastKnownFileType = text.plist.xml; path = "GoogleService-beta-Info.plist"; sourceTree = "<group>"; };
		7020130E1EFF0552002E2132 /* DoIOwnIt-beta.app */ = {isa = PBXFileReference; explicitFileType = wrapper.application; includeInIndex = 0; path = "DoIOwnIt-beta.app"; sourceTree = BUILT_PRODUCTS_DIR; };
		7020130F1EFF0552002E2132 /* DoIOwnIt-beta-Info.plist */ = {isa = PBXFileReference; lastKnownFileType = text.plist.xml; name = "DoIOwnIt-beta-Info.plist"; path = "/Users/malinkas/Documents/Projects/malinka-git/DoIOwnIt/Application/DoIOwnIt/DoIOwnIt-beta-Info.plist"; sourceTree = "<absolute>"; };
		705D9E821EA04234007E9DE9 /* MovieLibraryCollectionViewCell.swift */ = {isa = PBXFileReference; fileEncoding = 4; lastKnownFileType = sourcecode.swift; name = MovieLibraryCollectionViewCell.swift; path = Classes/CollectionViewCells/Movie/MovieLibraryCollectionViewCell.swift; sourceTree = "<group>"; };
		7061457E1E5B706E00A18A7E /* UserRepository.swift */ = {isa = PBXFileReference; fileEncoding = 4; lastKnownFileType = sourcecode.swift; name = UserRepository.swift; path = Classes/Services/Repository/UserRepository.swift; sourceTree = "<group>"; };
		706145801E5B70BE00A18A7E /* UserRepositoryProtocol.swift */ = {isa = PBXFileReference; fileEncoding = 4; lastKnownFileType = sourcecode.swift; name = UserRepositoryProtocol.swift; path = Classes/Services/Repository/UserRepositoryProtocol.swift; sourceTree = "<group>"; };
		706145831E5B763500A18A7E /* UserManager.swift */ = {isa = PBXFileReference; fileEncoding = 4; lastKnownFileType = sourcecode.swift; name = UserManager.swift; path = Classes/Managers/UserManager.swift; sourceTree = "<group>"; };
		706145861E5B8FD100A18A7E /* UserManagerProtocol.swift */ = {isa = PBXFileReference; fileEncoding = 4; lastKnownFileType = sourcecode.swift; name = UserManagerProtocol.swift; path = Classes/Managers/UserManagerProtocol.swift; sourceTree = "<group>"; };
		70749B581E5BC0DC00F2CC8C /* MovieListTableViewController.swift */ = {isa = PBXFileReference; fileEncoding = 4; lastKnownFileType = sourcecode.swift; name = MovieListTableViewController.swift; path = Classes/ViewControllers/Movie/MovieListTableViewController.swift; sourceTree = "<group>"; };
		70749B5A1E5BC15F00F2CC8C /* MovieManagerProtocol.swift */ = {isa = PBXFileReference; fileEncoding = 4; lastKnownFileType = sourcecode.swift; name = MovieManagerProtocol.swift; path = Classes/Managers/MovieManagerProtocol.swift; sourceTree = "<group>"; };
		70749B5C1E5BC18E00F2CC8C /* MovieManager.swift */ = {isa = PBXFileReference; fileEncoding = 4; lastKnownFileType = sourcecode.swift; name = MovieManager.swift; path = Classes/Managers/MovieManager.swift; sourceTree = "<group>"; };
		70749B5F1E5BE4BA00F2CC8C /* HTTPRequestProtocol.swift */ = {isa = PBXFileReference; fileEncoding = 4; lastKnownFileType = sourcecode.swift; name = HTTPRequestProtocol.swift; path = Classes/Services/Networking/HTTPRequestProtocol.swift; sourceTree = "<group>"; };
		70749B611E5BE56A00F2CC8C /* HTTPRequest.swift */ = {isa = PBXFileReference; fileEncoding = 4; lastKnownFileType = sourcecode.swift; name = HTTPRequest.swift; path = Classes/Services/Networking/HTTPRequest.swift; sourceTree = "<group>"; };
		70749B631E5BE5EE00F2CC8C /* ConfigUtil.swift */ = {isa = PBXFileReference; fileEncoding = 4; lastKnownFileType = sourcecode.swift; name = ConfigUtil.swift; path = Classes/Utils/ConfigUtil.swift; sourceTree = "<group>"; };
		70749B651E5BE6F400F2CC8C /* config_default.plist */ = {isa = PBXFileReference; fileEncoding = 4; lastKnownFileType = text.plist.xml; path = config_default.plist; sourceTree = "<group>"; };
		70749B671E5BE98B00F2CC8C /* APIList.swift */ = {isa = PBXFileReference; fileEncoding = 4; lastKnownFileType = sourcecode.swift; name = APIList.swift; path = Classes/Utils/APIList.swift; sourceTree = "<group>"; };
		70749B691E5BEA0400F2CC8C /* NetworkOperation.swift */ = {isa = PBXFileReference; fileEncoding = 4; lastKnownFileType = sourcecode.swift; name = NetworkOperation.swift; path = Classes/Services/Operations/NetworkOperation.swift; sourceTree = "<group>"; };
		70749B6B1E5BF2BC00F2CC8C /* MovieListViewModel.swift */ = {isa = PBXFileReference; fileEncoding = 4; lastKnownFileType = sourcecode.swift; name = MovieListViewModel.swift; path = Classes/ViewModels/MovieListViewModel.swift; sourceTree = "<group>"; };
		70749B6F1E5CFF9E00F2CC8C /* Movie.swift */ = {isa = PBXFileReference; fileEncoding = 4; lastKnownFileType = sourcecode.swift; name = Movie.swift; path = Classes/Models/Movie.swift; sourceTree = "<group>"; };
		70749B711E5D08F800F2CC8C /* MovieList.swift */ = {isa = PBXFileReference; fileEncoding = 4; lastKnownFileType = sourcecode.swift; name = MovieList.swift; path = Classes/Models/MovieList.swift; sourceTree = "<group>"; };
		70749B761E5D328B00F2CC8C /* MovieListTableViewCell.swift */ = {isa = PBXFileReference; fileEncoding = 4; lastKnownFileType = sourcecode.swift; name = MovieListTableViewCell.swift; path = Classes/TableViewCells/Movie/MovieListTableViewCell.swift; sourceTree = "<group>"; };
		70749B781E5E60E200F2CC8C /* MovieDetailsViewController.swift */ = {isa = PBXFileReference; fileEncoding = 4; lastKnownFileType = sourcecode.swift; name = MovieDetailsViewController.swift; path = Classes/ViewControllers/Movie/MovieDetailsViewController.swift; sourceTree = "<group>"; };
		70749B7B1E5F371100F2CC8C /* MovieDetailsViewModel.swift */ = {isa = PBXFileReference; fileEncoding = 4; lastKnownFileType = sourcecode.swift; name = MovieDetailsViewModel.swift; path = Classes/ViewModels/MovieDetailsViewModel.swift; sourceTree = "<group>"; };
		70749B7D1E61EF2C00F2CC8C /* Cast.swift */ = {isa = PBXFileReference; fileEncoding = 4; lastKnownFileType = sourcecode.swift; name = Cast.swift; path = Classes/Models/Cast.swift; sourceTree = "<group>"; };
		70749B7F1E61F06600F2CC8C /* Crew.swift */ = {isa = PBXFileReference; fileEncoding = 4; lastKnownFileType = sourcecode.swift; name = Crew.swift; path = Classes/Models/Crew.swift; sourceTree = "<group>"; };
		70749B811E65CEC100F2CC8C /* StorageType.swift */ = {isa = PBXFileReference; fileEncoding = 4; lastKnownFileType = sourcecode.swift; name = StorageType.swift; path = Classes/Models/StorageType.swift; sourceTree = "<group>"; };
		70749B831E65D00800F2CC8C /* StorageMethod.swift */ = {isa = PBXFileReference; fileEncoding = 4; lastKnownFileType = sourcecode.swift; name = StorageMethod.swift; path = Classes/Models/StorageMethod.swift; sourceTree = "<group>"; };
		70749B851E66579900F2CC8C /* StorageSelectionViewController.swift */ = {isa = PBXFileReference; fileEncoding = 4; lastKnownFileType = sourcecode.swift; name = StorageSelectionViewController.swift; path = Classes/ViewControllers/Movie/StorageSelectionViewController.swift; sourceTree = "<group>"; };
		7081781D1EA5E4E4008AB7D5 /* StringUtil.swift */ = {isa = PBXFileReference; fileEncoding = 4; lastKnownFileType = sourcecode.swift; name = StringUtil.swift; path = Classes/Utils/StringUtil.swift; sourceTree = "<group>"; };
		70925E6F1E752FFB00A5B42C /* NotificationCenterUtil.swift */ = {isa = PBXFileReference; fileEncoding = 4; lastKnownFileType = sourcecode.swift; name = NotificationCenterUtil.swift; path = Classes/Utils/NotificationCenterUtil.swift; sourceTree = "<group>"; };
		70DC750E1E5627D900115439 /* DoIOwnIt.app */ = {isa = PBXFileReference; explicitFileType = wrapper.application; includeInIndex = 0; path = DoIOwnIt.app; sourceTree = BUILT_PRODUCTS_DIR; };
		70DC75111E5627D900115439 /* AppDelegate.swift */ = {isa = PBXFileReference; lastKnownFileType = sourcecode.swift; path = AppDelegate.swift; sourceTree = "<group>"; };
		70DC75181E5627D900115439 /* Assets.xcassets */ = {isa = PBXFileReference; lastKnownFileType = folder.assetcatalog; path = Assets.xcassets; sourceTree = "<group>"; };
		70DC751D1E5627D900115439 /* Info.plist */ = {isa = PBXFileReference; lastKnownFileType = text.plist.xml; path = Info.plist; sourceTree = "<group>"; };
		70DC75221E5627D900115439 /* DoIOwnItTests.xctest */ = {isa = PBXFileReference; explicitFileType = wrapper.cfbundle; includeInIndex = 0; path = DoIOwnItTests.xctest; sourceTree = BUILT_PRODUCTS_DIR; };
		70DC75261E5627D900115439 /* DoIOwnItTests.swift */ = {isa = PBXFileReference; lastKnownFileType = sourcecode.swift; path = DoIOwnItTests.swift; sourceTree = "<group>"; };
		70DC75281E5627D900115439 /* Info.plist */ = {isa = PBXFileReference; lastKnownFileType = text.plist.xml; path = Info.plist; sourceTree = "<group>"; };
		70DC75321E5631EB00115439 /* LaunchScreen.storyboard */ = {isa = PBXFileReference; fileEncoding = 4; lastKnownFileType = file.storyboard; name = LaunchScreen.storyboard; path = Storyboards/LaunchScreen.storyboard; sourceTree = "<group>"; };
		70DC75341E56322900115439 /* Main.storyboard */ = {isa = PBXFileReference; fileEncoding = 4; lastKnownFileType = file.storyboard; name = Main.storyboard; path = Storyboards/Main.storyboard; sourceTree = "<group>"; };
		70DC75391E5633EF00115439 /* LoginViewController.swift */ = {isa = PBXFileReference; fileEncoding = 4; lastKnownFileType = sourcecode.swift; name = LoginViewController.swift; path = Classes/ViewControllers/Login/LoginViewController.swift; sourceTree = "<group>"; };
		70DC753B1E5638CA00115439 /* GoogleService-Info.plist */ = {isa = PBXFileReference; fileEncoding = 4; lastKnownFileType = text.plist.xml; path = "GoogleService-Info.plist"; sourceTree = "<group>"; };
		70DC753E1E563C7400115439 /* LoginViewModel.swift */ = {isa = PBXFileReference; fileEncoding = 4; lastKnownFileType = sourcecode.swift; name = LoginViewModel.swift; path = Classes/ViewModels/LoginViewModel.swift; sourceTree = "<group>"; };
		70DC75411E563CE500115439 /* Response.swift */ = {isa = PBXFileReference; fileEncoding = 4; lastKnownFileType = sourcecode.swift; name = Response.swift; path = Classes/Utils/Response.swift; sourceTree = "<group>"; };
		70DC75461E563EF600115439 /* AsynchronousOperation.swift */ = {isa = PBXFileReference; fileEncoding = 4; lastKnownFileType = sourcecode.swift; name = AsynchronousOperation.swift; path = Classes/Services/Operations/AsynchronousOperation.swift; sourceTree = "<group>"; };
		70DC75491E563F5600115439 /* UserRepositoryOperation.swift */ = {isa = PBXFileReference; fileEncoding = 4; lastKnownFileType = sourcecode.swift; name = UserRepositoryOperation.swift; path = Classes/Services/Operations/UserRepositoryOperation.swift; sourceTree = "<group>"; };
		70DC754C1E563FD800115439 /* User.swift */ = {isa = PBXFileReference; fileEncoding = 4; lastKnownFileType = sourcecode.swift; name = User.swift; path = Classes/Models/User.swift; sourceTree = "<group>"; };
		70DC75501E5658F100115439 /* Movie.storyboard */ = {isa = PBXFileReference; fileEncoding = 4; lastKnownFileType = file.storyboard; name = Movie.storyboard; path = Storyboards/Movie.storyboard; sourceTree = "<group>"; };
		70EDA6431E6D3EA600A7FA42 /* StorageDetailTableViewCell.swift */ = {isa = PBXFileReference; fileEncoding = 4; lastKnownFileType = sourcecode.swift; name = StorageDetailTableViewCell.swift; path = Classes/TableViewCells/Movie/StorageDetailTableViewCell.swift; sourceTree = "<group>"; };
		70EDA6461E6E1C0800A7FA42 /* RadioButton.swift */ = {isa = PBXFileReference; fileEncoding = 4; lastKnownFileType = sourcecode.swift; name = RadioButton.swift; path = Classes/UIComponents/RadioButton.swift; sourceTree = "<group>"; };
		70EDA6481E6E984800A7FA42 /* StorageSelectionViewModel.swift */ = {isa = PBXFileReference; fileEncoding = 4; lastKnownFileType = sourcecode.swift; name = StorageSelectionViewModel.swift; path = Classes/ViewModels/StorageSelectionViewModel.swift; sourceTree = "<group>"; };
		70EDA64A1E6F348D00A7FA42 /* StorageManager.swift */ = {isa = PBXFileReference; fileEncoding = 4; lastKnownFileType = sourcecode.swift; name = StorageManager.swift; path = Classes/Managers/StorageManager.swift; sourceTree = "<group>"; };
		70EDA64C1E6F361D00A7FA42 /* UserMovieRepository.swift */ = {isa = PBXFileReference; fileEncoding = 4; lastKnownFileType = sourcecode.swift; name = UserMovieRepository.swift; path = Classes/Services/Repository/UserMovieRepository.swift; sourceTree = "<group>"; };
		70EDA64E1E6F66BA00A7FA42 /* UserMovieRepositoryOperation.swift */ = {isa = PBXFileReference; fileEncoding = 4; lastKnownFileType = sourcecode.swift; name = UserMovieRepositoryOperation.swift; path = Classes/Services/Operations/UserMovieRepositoryOperation.swift; sourceTree = "<group>"; };
		70EDA6501E6F671E00A7FA42 /* UserMovieRespositoryProtocol.swift */ = {isa = PBXFileReference; fileEncoding = 4; lastKnownFileType = sourcecode.swift; name = UserMovieRespositoryProtocol.swift; path = Classes/Services/Repository/UserMovieRespositoryProtocol.swift; sourceTree = "<group>"; };
		70EDA6521E6F859100A7FA42 /* StorageManagerProtocol.swift */ = {isa = PBXFileReference; fileEncoding = 4; lastKnownFileType = sourcecode.swift; name = StorageManagerProtocol.swift; path = Classes/Managers/StorageManagerProtocol.swift; sourceTree = "<group>"; };
		70EDA6541E7127D400A7FA42 /* JSON.swift */ = {isa = PBXFileReference; fileEncoding = 4; lastKnownFileType = sourcecode.swift; name = JSON.swift; path = Classes/Utils/JSON.swift; sourceTree = "<group>"; };
		70EDA6561E714BE100A7FA42 /* UserMovieManager.swift */ = {isa = PBXFileReference; fileEncoding = 4; lastKnownFileType = sourcecode.swift; name = UserMovieManager.swift; path = Classes/Managers/UserMovieManager.swift; sourceTree = "<group>"; };
		70EDA6581E714EBB00A7FA42 /* UserMovieManagerProtocol.swift */ = {isa = PBXFileReference; fileEncoding = 4; lastKnownFileType = sourcecode.swift; name = UserMovieManagerProtocol.swift; path = Classes/Managers/UserMovieManagerProtocol.swift; sourceTree = "<group>"; };
		70EDA65A1E71507500A7FA42 /* UserMovieLibraryViewModel.swift */ = {isa = PBXFileReference; fileEncoding = 4; lastKnownFileType = sourcecode.swift; name = UserMovieLibraryViewModel.swift; path = Classes/ViewModels/UserMovieLibraryViewModel.swift; sourceTree = "<group>"; };
		70EDA65C1E71BA0200A7FA42 /* UserMovieLibraryViewController.swift */ = {isa = PBXFileReference; fileEncoding = 4; lastKnownFileType = sourcecode.swift; name = UserMovieLibraryViewController.swift; path = Classes/ViewControllers/Movie/UserMovieLibraryViewController.swift; sourceTree = "<group>"; };
		70EDA65E1E71F59F00A7FA42 /* MovieLibraryTableViewCell.swift */ = {isa = PBXFileReference; fileEncoding = 4; lastKnownFileType = sourcecode.swift; name = MovieLibraryTableViewCell.swift; path = Classes/TableViewCells/Movie/MovieLibraryTableViewCell.swift; sourceTree = "<group>"; };
		7899E2F13DEAFF2E443F2BB9 /* Pods_DoIOwnItTests.framework */ = {isa = PBXFileReference; explicitFileType = wrapper.framework; includeInIndex = 0; path = Pods_DoIOwnItTests.framework; sourceTree = BUILT_PRODUCTS_DIR; };
		C1D17D30A4C91173DEC659B5 /* Pods-DoIOwnIt.debug.xcconfig */ = {isa = PBXFileReference; includeInIndex = 1; lastKnownFileType = text.xcconfig; name = "Pods-DoIOwnIt.debug.xcconfig"; path = "Pods/Target Support Files/Pods-DoIOwnIt/Pods-DoIOwnIt.debug.xcconfig"; sourceTree = "<group>"; };
		C2DB8370076BA69528393976 /* Pods_DoIOwnIt.framework */ = {isa = PBXFileReference; explicitFileType = wrapper.framework; includeInIndex = 0; path = Pods_DoIOwnIt.framework; sourceTree = BUILT_PRODUCTS_DIR; };
/* End PBXFileReference section */

/* Begin PBXFrameworksBuildPhase section */
		702012FF1EFF0552002E2132 /* Frameworks */ = {
			isa = PBXFrameworksBuildPhase;
			buildActionMask = 2147483647;
			files = (
				702013001EFF0552002E2132 /* Pods_DoIOwnIt.framework in Frameworks */,
			);
			runOnlyForDeploymentPostprocessing = 0;
		};
		70DC750B1E5627D900115439 /* Frameworks */ = {
			isa = PBXFrameworksBuildPhase;
			buildActionMask = 2147483647;
			files = (
				492B4C68C1DE2EA097C9678C /* Pods_DoIOwnIt.framework in Frameworks */,
			);
			runOnlyForDeploymentPostprocessing = 0;
		};
		70DC751F1E5627D900115439 /* Frameworks */ = {
			isa = PBXFrameworksBuildPhase;
			buildActionMask = 2147483647;
			files = (
				8568CAFF9EAE757733F4FBDE /* Pods_DoIOwnItTests.framework in Frameworks */,
			);
			runOnlyForDeploymentPostprocessing = 0;
		};
/* End PBXFrameworksBuildPhase section */

/* Begin PBXGroup section */
		2306BC444F2F8E4BEF22D5E0 /* Pods */ = {
			isa = PBXGroup;
			children = (
				C1D17D30A4C91173DEC659B5 /* Pods-DoIOwnIt.debug.xcconfig */,
				3400611429ED1FAE7D28151E /* Pods-DoIOwnIt.release.xcconfig */,
				6C726D724955055D6F069773 /* Pods-DoIOwnItTests.debug.xcconfig */,
				4A3C85C8257F0A4CCA267735 /* Pods-DoIOwnItTests.release.xcconfig */,
			);
			name = Pods;
			sourceTree = "<group>";
		};
		705D9E7E1EA04187007E9DE9 /* CollectionViewCells */ = {
			isa = PBXGroup;
			children = (
				705D9E7F1EA0419D007E9DE9 /* Movie */,
			);
			name = CollectionViewCells;
			sourceTree = "<group>";
		};
		705D9E7F1EA0419D007E9DE9 /* Movie */ = {
			isa = PBXGroup;
			children = (
				705D9E821EA04234007E9DE9 /* MovieLibraryCollectionViewCell.swift */,
			);
			name = Movie;
			sourceTree = "<group>";
		};
		706145821E5B761500A18A7E /* Managers */ = {
			isa = PBXGroup;
			children = (
				706145831E5B763500A18A7E /* UserManager.swift */,
				706145861E5B8FD100A18A7E /* UserManagerProtocol.swift */,
				70749B5A1E5BC15F00F2CC8C /* MovieManagerProtocol.swift */,
				70749B5C1E5BC18E00F2CC8C /* MovieManager.swift */,
				70EDA64A1E6F348D00A7FA42 /* StorageManager.swift */,
				70EDA6521E6F859100A7FA42 /* StorageManagerProtocol.swift */,
				70EDA6561E714BE100A7FA42 /* UserMovieManager.swift */,
				70EDA6581E714EBB00A7FA42 /* UserMovieManagerProtocol.swift */,
			);
			name = Managers;
			sourceTree = "<group>";
		};
		706145851E5B77CD00A18A7E /* Operations */ = {
			isa = PBXGroup;
			children = (
				70DC75461E563EF600115439 /* AsynchronousOperation.swift */,
				70DC75491E563F5600115439 /* UserRepositoryOperation.swift */,
				70749B691E5BEA0400F2CC8C /* NetworkOperation.swift */,
				70EDA64E1E6F66BA00A7FA42 /* UserMovieRepositoryOperation.swift */,
			);
			name = Operations;
			sourceTree = "<group>";
		};
		70749B5E1E5BE48000F2CC8C /* Networking */ = {
			isa = PBXGroup;
			children = (
				70749B5F1E5BE4BA00F2CC8C /* HTTPRequestProtocol.swift */,
				70749B611E5BE56A00F2CC8C /* HTTPRequest.swift */,
			);
			name = Networking;
			sourceTree = "<group>";
		};
		70749B731E5D320300F2CC8C /* TableViewCells */ = {
			isa = PBXGroup;
			children = (
				70749B741E5D321600F2CC8C /* Movie */,
			);
			name = TableViewCells;
			sourceTree = "<group>";
		};
		70749B741E5D321600F2CC8C /* Movie */ = {
			isa = PBXGroup;
			children = (
				70749B761E5D328B00F2CC8C /* MovieListTableViewCell.swift */,
				70EDA6431E6D3EA600A7FA42 /* StorageDetailTableViewCell.swift */,
				70EDA65E1E71F59F00A7FA42 /* MovieLibraryTableViewCell.swift */,
			);
			name = Movie;
			sourceTree = "<group>";
		};
		70DC75051E5627D900115439 = {
			isa = PBXGroup;
			children = (
				70DC75101E5627D900115439 /* DoIOwnIt */,
				70DC75251E5627D900115439 /* DoIOwnItTests */,
				70DC750F1E5627D900115439 /* Products */,
				2306BC444F2F8E4BEF22D5E0 /* Pods */,
				97EBB49BB6FB7889AADCCB8A /* Frameworks */,
			);
			sourceTree = "<group>";
		};
		70DC750F1E5627D900115439 /* Products */ = {
			isa = PBXGroup;
			children = (
				70DC750E1E5627D900115439 /* DoIOwnIt.app */,
				70DC75221E5627D900115439 /* DoIOwnItTests.xctest */,
				7020130E1EFF0552002E2132 /* DoIOwnIt-beta.app */,
			);
			name = Products;
			sourceTree = "<group>";
		};
		70DC75101E5627D900115439 /* DoIOwnIt */ = {
			isa = PBXGroup;
			children = (
				70DC75361E56336300115439 /* Classes */,
				70DC75311E56316E00115439 /* Storyboards */,
				70DC75111E5627D900115439 /* AppDelegate.swift */,
				70DC75181E5627D900115439 /* Assets.xcassets */,
				702012CB1EFEF738002E2132 /* GoogleService-beta-Info.plist */,
				70DC753B1E5638CA00115439 /* GoogleService-Info.plist */,
				70DC751D1E5627D900115439 /* Info.plist */,
				70749B651E5BE6F400F2CC8C /* config_default.plist */,
				7020130F1EFF0552002E2132 /* DoIOwnIt-beta-Info.plist */,
			);
			path = DoIOwnIt;
			sourceTree = "<group>";
		};
		70DC75251E5627D900115439 /* DoIOwnItTests */ = {
			isa = PBXGroup;
			children = (
				70DC75261E5627D900115439 /* DoIOwnItTests.swift */,
				70DC75281E5627D900115439 /* Info.plist */,
			);
			path = DoIOwnItTests;
			sourceTree = "<group>";
		};
		70DC75311E56316E00115439 /* Storyboards */ = {
			isa = PBXGroup;
			children = (
				70DC75321E5631EB00115439 /* LaunchScreen.storyboard */,
				70DC75341E56322900115439 /* Main.storyboard */,
				70DC75501E5658F100115439 /* Movie.storyboard */,
			);
			name = Storyboards;
			sourceTree = "<group>";
		};
		70DC75361E56336300115439 /* Classes */ = {
			isa = PBXGroup;
			children = (
				705D9E7E1EA04187007E9DE9 /* CollectionViewCells */,
				70EDA6451E6E1BA200A7FA42 /* UIComponents */,
				70749B731E5D320300F2CC8C /* TableViewCells */,
				706145821E5B761500A18A7E /* Managers */,
				70DC754B1E563FBC00115439 /* Models */,
				70DC75451E563ED200115439 /* Services */,
				70DC75401E563CC100115439 /* Utils */,
				70DC753D1E563C4700115439 /* ViewModels */,
				70DC75371E56336B00115439 /* ViewControllers */,
			);
			name = Classes;
			sourceTree = "<group>";
		};
		70DC75371E56336B00115439 /* ViewControllers */ = {
			isa = PBXGroup;
			children = (
				70DC75521E56594500115439 /* Movie */,
				70DC75381E56337700115439 /* Login */,
			);
			name = ViewControllers;
			sourceTree = "<group>";
		};
		70DC75381E56337700115439 /* Login */ = {
			isa = PBXGroup;
			children = (
				70DC75391E5633EF00115439 /* LoginViewController.swift */,
			);
			name = Login;
			sourceTree = "<group>";
		};
		70DC753D1E563C4700115439 /* ViewModels */ = {
			isa = PBXGroup;
			children = (
				70DC753E1E563C7400115439 /* LoginViewModel.swift */,
				70749B6B1E5BF2BC00F2CC8C /* MovieListViewModel.swift */,
				70749B7B1E5F371100F2CC8C /* MovieDetailsViewModel.swift */,
				70EDA6481E6E984800A7FA42 /* StorageSelectionViewModel.swift */,
				70EDA65A1E71507500A7FA42 /* UserMovieLibraryViewModel.swift */,
			);
			name = ViewModels;
			sourceTree = "<group>";
		};
		70DC75401E563CC100115439 /* Utils */ = {
			isa = PBXGroup;
			children = (
				70DC75411E563CE500115439 /* Response.swift */,
				70749B631E5BE5EE00F2CC8C /* ConfigUtil.swift */,
				70749B671E5BE98B00F2CC8C /* APIList.swift */,
				70EDA6541E7127D400A7FA42 /* JSON.swift */,
				70925E6F1E752FFB00A5B42C /* NotificationCenterUtil.swift */,
				7081781D1EA5E4E4008AB7D5 /* StringUtil.swift */,
			);
			name = Utils;
			sourceTree = "<group>";
		};
		70DC75451E563ED200115439 /* Services */ = {
			isa = PBXGroup;
			children = (
				70749B5E1E5BE48000F2CC8C /* Networking */,
				706145851E5B77CD00A18A7E /* Operations */,
				70DC75481E563F2600115439 /* Repository */,
			);
			name = Services;
			sourceTree = "<group>";
		};
		70DC75481E563F2600115439 /* Repository */ = {
			isa = PBXGroup;
			children = (
				7061457E1E5B706E00A18A7E /* UserRepository.swift */,
				706145801E5B70BE00A18A7E /* UserRepositoryProtocol.swift */,
				70EDA64C1E6F361D00A7FA42 /* UserMovieRepository.swift */,
				70EDA6501E6F671E00A7FA42 /* UserMovieRespositoryProtocol.swift */,
			);
			name = Repository;
			sourceTree = "<group>";
		};
		70DC754B1E563FBC00115439 /* Models */ = {
			isa = PBXGroup;
			children = (
				70DC754C1E563FD800115439 /* User.swift */,
				70749B6F1E5CFF9E00F2CC8C /* Movie.swift */,
				70749B711E5D08F800F2CC8C /* MovieList.swift */,
				70749B7D1E61EF2C00F2CC8C /* Cast.swift */,
				70749B7F1E61F06600F2CC8C /* Crew.swift */,
				70749B811E65CEC100F2CC8C /* StorageType.swift */,
				70749B831E65D00800F2CC8C /* StorageMethod.swift */,
			);
			name = Models;
			sourceTree = "<group>";
		};
		70DC75521E56594500115439 /* Movie */ = {
			isa = PBXGroup;
			children = (
				70749B581E5BC0DC00F2CC8C /* MovieListTableViewController.swift */,
				70749B781E5E60E200F2CC8C /* MovieDetailsViewController.swift */,
				70749B851E66579900F2CC8C /* StorageSelectionViewController.swift */,
				70EDA65C1E71BA0200A7FA42 /* UserMovieLibraryViewController.swift */,
			);
			name = Movie;
			sourceTree = "<group>";
		};
		70EDA6451E6E1BA200A7FA42 /* UIComponents */ = {
			isa = PBXGroup;
			children = (
				70EDA6461E6E1C0800A7FA42 /* RadioButton.swift */,
			);
			name = UIComponents;
			sourceTree = "<group>";
		};
		97EBB49BB6FB7889AADCCB8A /* Frameworks */ = {
			isa = PBXGroup;
			children = (
				C2DB8370076BA69528393976 /* Pods_DoIOwnIt.framework */,
				7899E2F13DEAFF2E443F2BB9 /* Pods_DoIOwnItTests.framework */,
			);
			name = Frameworks;
			sourceTree = "<group>";
		};
/* End PBXGroup section */

/* Begin PBXNativeTarget section */
		702012CD1EFF0552002E2132 /* DoIOwnIt-beta */ = {
			isa = PBXNativeTarget;
			buildConfigurationList = 7020130B1EFF0552002E2132 /* Build configuration list for PBXNativeTarget "DoIOwnIt-beta" */;
			buildPhases = (
				702012CE1EFF0552002E2132 /* [CP] Check Pods Manifest.lock */,
				702012CF1EFF0552002E2132 /* Sources */,
				702012FF1EFF0552002E2132 /* Frameworks */,
				702013011EFF0552002E2132 /* Resources */,
				702013091EFF0552002E2132 /* [CP] Embed Pods Frameworks */,
				7020130A1EFF0552002E2132 /* [CP] Copy Pods Resources */,
			);
			buildRules = (
			);
			dependencies = (
			);
			name = "DoIOwnIt-beta";
			productName = DoIOwnIt;
			productReference = 7020130E1EFF0552002E2132 /* DoIOwnIt-beta.app */;
			productType = "com.apple.product-type.application";
		};
		70DC750D1E5627D900115439 /* DoIOwnIt */ = {
			isa = PBXNativeTarget;
			buildConfigurationList = 70DC752B1E5627D900115439 /* Build configuration list for PBXNativeTarget "DoIOwnIt" */;
			buildPhases = (
				B1A5553CA54B382F5C517E80 /* [CP] Check Pods Manifest.lock */,
				70DC750A1E5627D900115439 /* Sources */,
				70DC750B1E5627D900115439 /* Frameworks */,
				70DC750C1E5627D900115439 /* Resources */,
				FC783C8ED7CE9AE92ED6DFEF /* [CP] Embed Pods Frameworks */,
				3B0874DF682B70A753720397 /* [CP] Copy Pods Resources */,
			);
			buildRules = (
			);
			dependencies = (
			);
			name = DoIOwnIt;
			productName = DoIOwnIt;
			productReference = 70DC750E1E5627D900115439 /* DoIOwnIt.app */;
			productType = "com.apple.product-type.application";
		};
		70DC75211E5627D900115439 /* DoIOwnItTests */ = {
			isa = PBXNativeTarget;
			buildConfigurationList = 70DC752E1E5627D900115439 /* Build configuration list for PBXNativeTarget "DoIOwnItTests" */;
			buildPhases = (
				004397579E95B0109CE6CE31 /* [CP] Check Pods Manifest.lock */,
				70DC751E1E5627D900115439 /* Sources */,
				70DC751F1E5627D900115439 /* Frameworks */,
				70DC75201E5627D900115439 /* Resources */,
				FAB1D1D587C41F476C30EC41 /* [CP] Embed Pods Frameworks */,
				C5D6E99F7856DD6562EBF12C /* [CP] Copy Pods Resources */,
			);
			buildRules = (
			);
			dependencies = (
				70DC75241E5627D900115439 /* PBXTargetDependency */,
			);
			name = DoIOwnItTests;
			productName = DoIOwnItTests;
			productReference = 70DC75221E5627D900115439 /* DoIOwnItTests.xctest */;
			productType = "com.apple.product-type.bundle.unit-test";
		};
/* End PBXNativeTarget section */

/* Begin PBXProject section */
		70DC75061E5627D900115439 /* Project object */ = {
			isa = PBXProject;
			attributes = {
				LastSwiftUpdateCheck = 0820;
				LastUpgradeCheck = 0820;
				ORGANIZATIONNAME = "Malinka S";
				TargetAttributes = {
					702012CD1EFF0552002E2132 = {
						DevelopmentTeam = 3Y57FJF6PJ;
					};
					70DC750D1E5627D900115439 = {
						CreatedOnToolsVersion = 8.2.1;
						DevelopmentTeam = 3Y57FJF6PJ;
						ProvisioningStyle = Automatic;
					};
					70DC75211E5627D900115439 = {
						CreatedOnToolsVersion = 8.2.1;
						DevelopmentTeam = 3Y57FJF6PJ;
						ProvisioningStyle = Automatic;
						TestTargetID = 70DC750D1E5627D900115439;
					};
				};
			};
			buildConfigurationList = 70DC75091E5627D900115439 /* Build configuration list for PBXProject "DoIOwnIt" */;
			compatibilityVersion = "Xcode 3.2";
			developmentRegion = English;
			hasScannedForEncodings = 0;
			knownRegions = (
				en,
				Base,
			);
			mainGroup = 70DC75051E5627D900115439;
			productRefGroup = 70DC750F1E5627D900115439 /* Products */;
			projectDirPath = "";
			projectRoot = "";
			targets = (
				70DC750D1E5627D900115439 /* DoIOwnIt */,
				70DC75211E5627D900115439 /* DoIOwnItTests */,
				702012CD1EFF0552002E2132 /* DoIOwnIt-beta */,
			);
		};
/* End PBXProject section */

/* Begin PBXResourcesBuildPhase section */
		702013011EFF0552002E2132 /* Resources */ = {
			isa = PBXResourcesBuildPhase;
			buildActionMask = 2147483647;
			files = (
				702013021EFF0552002E2132 /* Movie.storyboard in Resources */,
				702013031EFF0552002E2132 /* Main.storyboard in Resources */,
				702013041EFF0552002E2132 /* GoogleService-Info.plist in Resources */,
				702013051EFF0552002E2132 /* Assets.xcassets in Resources */,
				702013061EFF0552002E2132 /* config_default.plist in Resources */,
				702013071EFF0552002E2132 /* GoogleService-beta-Info.plist in Resources */,
				702013081EFF0552002E2132 /* LaunchScreen.storyboard in Resources */,
			);
			runOnlyForDeploymentPostprocessing = 0;
		};
		70DC750C1E5627D900115439 /* Resources */ = {
			isa = PBXResourcesBuildPhase;
			buildActionMask = 2147483647;
			files = (
				70DC75511E5658F100115439 /* Movie.storyboard in Resources */,
				70DC75351E56322900115439 /* Main.storyboard in Resources */,
				70DC753C1E5638CA00115439 /* GoogleService-Info.plist in Resources */,
				70DC75191E5627D900115439 /* Assets.xcassets in Resources */,
				70749B661E5BE6F400F2CC8C /* config_default.plist in Resources */,
				702012CC1EFEF738002E2132 /* GoogleService-beta-Info.plist in Resources */,
				70DC75331E5631EB00115439 /* LaunchScreen.storyboard in Resources */,
			);
			runOnlyForDeploymentPostprocessing = 0;
		};
		70DC75201E5627D900115439 /* Resources */ = {
			isa = PBXResourcesBuildPhase;
			buildActionMask = 2147483647;
			files = (
			);
			runOnlyForDeploymentPostprocessing = 0;
		};
/* End PBXResourcesBuildPhase section */

/* Begin PBXShellScriptBuildPhase section */
		004397579E95B0109CE6CE31 /* [CP] Check Pods Manifest.lock */ = {
			isa = PBXShellScriptBuildPhase;
			buildActionMask = 2147483647;
			files = (
			);
			inputPaths = (
			);
			name = "[CP] Check Pods Manifest.lock";
			outputPaths = (
			);
			runOnlyForDeploymentPostprocessing = 0;
			shellPath = /bin/sh;
			shellScript = "diff \"${PODS_ROOT}/../Podfile.lock\" \"${PODS_ROOT}/Manifest.lock\" > /dev/null\nif [ $? != 0 ] ; then\n    # print error to STDERR\n    echo \"error: The sandbox is not in sync with the Podfile.lock. Run 'pod install' or update your CocoaPods installation.\" >&2\n    exit 1\nfi\n";
			showEnvVarsInLog = 0;
		};
		3B0874DF682B70A753720397 /* [CP] Copy Pods Resources */ = {
			isa = PBXShellScriptBuildPhase;
			buildActionMask = 2147483647;
			files = (
			);
			inputPaths = (
			);
			name = "[CP] Copy Pods Resources";
			outputPaths = (
			);
			runOnlyForDeploymentPostprocessing = 0;
			shellPath = /bin/sh;
			shellScript = "\"${SRCROOT}/Pods/Target Support Files/Pods-DoIOwnIt/Pods-DoIOwnIt-resources.sh\"\n";
			showEnvVarsInLog = 0;
		};
		702012CE1EFF0552002E2132 /* [CP] Check Pods Manifest.lock */ = {
			isa = PBXShellScriptBuildPhase;
			buildActionMask = 2147483647;
			files = (
			);
			inputPaths = (
			);
			name = "[CP] Check Pods Manifest.lock";
			outputPaths = (
			);
			runOnlyForDeploymentPostprocessing = 0;
			shellPath = /bin/sh;
			shellScript = "diff \"${PODS_ROOT}/../Podfile.lock\" \"${PODS_ROOT}/Manifest.lock\" > /dev/null\nif [ $? != 0 ] ; then\n    # print error to STDERR\n    echo \"error: The sandbox is not in sync with the Podfile.lock. Run 'pod install' or update your CocoaPods installation.\" >&2\n    exit 1\nfi\n";
			showEnvVarsInLog = 0;
		};
		702013091EFF0552002E2132 /* [CP] Embed Pods Frameworks */ = {
			isa = PBXShellScriptBuildPhase;
			buildActionMask = 2147483647;
			files = (
			);
			inputPaths = (
			);
			name = "[CP] Embed Pods Frameworks";
			outputPaths = (
			);
			runOnlyForDeploymentPostprocessing = 0;
			shellPath = /bin/sh;
			shellScript = "\"${SRCROOT}/Pods/Target Support Files/Pods-DoIOwnIt/Pods-DoIOwnIt-frameworks.sh\"\n";
			showEnvVarsInLog = 0;
		};
		7020130A1EFF0552002E2132 /* [CP] Copy Pods Resources */ = {
			isa = PBXShellScriptBuildPhase;
			buildActionMask = 2147483647;
			files = (
			);
			inputPaths = (
			);
			name = "[CP] Copy Pods Resources";
			outputPaths = (
			);
			runOnlyForDeploymentPostprocessing = 0;
			shellPath = /bin/sh;
			shellScript = "\"${SRCROOT}/Pods/Target Support Files/Pods-DoIOwnIt/Pods-DoIOwnIt-resources.sh\"\n";
			showEnvVarsInLog = 0;
		};
		B1A5553CA54B382F5C517E80 /* [CP] Check Pods Manifest.lock */ = {
			isa = PBXShellScriptBuildPhase;
			buildActionMask = 2147483647;
			files = (
			);
			inputPaths = (
			);
			name = "[CP] Check Pods Manifest.lock";
			outputPaths = (
			);
			runOnlyForDeploymentPostprocessing = 0;
			shellPath = /bin/sh;
			shellScript = "diff \"${PODS_ROOT}/../Podfile.lock\" \"${PODS_ROOT}/Manifest.lock\" > /dev/null\nif [ $? != 0 ] ; then\n    # print error to STDERR\n    echo \"error: The sandbox is not in sync with the Podfile.lock. Run 'pod install' or update your CocoaPods installation.\" >&2\n    exit 1\nfi\n";
			showEnvVarsInLog = 0;
		};
		C5D6E99F7856DD6562EBF12C /* [CP] Copy Pods Resources */ = {
			isa = PBXShellScriptBuildPhase;
			buildActionMask = 2147483647;
			files = (
			);
			inputPaths = (
			);
			name = "[CP] Copy Pods Resources";
			outputPaths = (
			);
			runOnlyForDeploymentPostprocessing = 0;
			shellPath = /bin/sh;
			shellScript = "\"${SRCROOT}/Pods/Target Support Files/Pods-DoIOwnItTests/Pods-DoIOwnItTests-resources.sh\"\n";
			showEnvVarsInLog = 0;
		};
		FAB1D1D587C41F476C30EC41 /* [CP] Embed Pods Frameworks */ = {
			isa = PBXShellScriptBuildPhase;
			buildActionMask = 2147483647;
			files = (
			);
			inputPaths = (
			);
			name = "[CP] Embed Pods Frameworks";
			outputPaths = (
			);
			runOnlyForDeploymentPostprocessing = 0;
			shellPath = /bin/sh;
			shellScript = "\"${SRCROOT}/Pods/Target Support Files/Pods-DoIOwnItTests/Pods-DoIOwnItTests-frameworks.sh\"\n";
			showEnvVarsInLog = 0;
		};
		FC783C8ED7CE9AE92ED6DFEF /* [CP] Embed Pods Frameworks */ = {
			isa = PBXShellScriptBuildPhase;
			buildActionMask = 2147483647;
			files = (
			);
			inputPaths = (
			);
			name = "[CP] Embed Pods Frameworks";
			outputPaths = (
			);
			runOnlyForDeploymentPostprocessing = 0;
			shellPath = /bin/sh;
			shellScript = "\"${SRCROOT}/Pods/Target Support Files/Pods-DoIOwnIt/Pods-DoIOwnIt-frameworks.sh\"\n";
			showEnvVarsInLog = 0;
		};
/* End PBXShellScriptBuildPhase section */

/* Begin PBXSourcesBuildPhase section */
		702012CF1EFF0552002E2132 /* Sources */ = {
			isa = PBXSourcesBuildPhase;
			buildActionMask = 2147483647;
			files = (
				702012D01EFF0552002E2132 /* MovieDetailsViewModel.swift in Sources */,
				702012D11EFF0552002E2132 /* Movie.swift in Sources */,
				702012D21EFF0552002E2132 /* MovieListTableViewController.swift in Sources */,
				702012D31EFF0552002E2132 /* Response.swift in Sources */,
				702012D41EFF0552002E2132 /* StringUtil.swift in Sources */,
				702012D51EFF0552002E2132 /* StorageSelectionViewModel.swift in Sources */,
				702012D61EFF0552002E2132 /* Cast.swift in Sources */,
				702012D71EFF0552002E2132 /* MovieManager.swift in Sources */,
				702012D81EFF0552002E2132 /* ConfigUtil.swift in Sources */,
				702012D91EFF0552002E2132 /* StorageSelectionViewController.swift in Sources */,
				702012DA1EFF0552002E2132 /* APIList.swift in Sources */,
				702012DB1EFF0552002E2132 /* LoginViewController.swift in Sources */,
				702012DC1EFF0552002E2132 /* UserMovieManager.swift in Sources */,
				702012DD1EFF0552002E2132 /* UserRepositoryProtocol.swift in Sources */,
				702012DE1EFF0552002E2132 /* UserMovieLibraryViewController.swift in Sources */,
				702012DF1EFF0552002E2132 /* MovieDetailsViewController.swift in Sources */,
				702012E01EFF0552002E2132 /* NetworkOperation.swift in Sources */,
				702012E11EFF0552002E2132 /* StorageDetailTableViewCell.swift in Sources */,
				702012E21EFF0552002E2132 /* StorageMethod.swift in Sources */,
				702012E31EFF0552002E2132 /* MovieLibraryTableViewCell.swift in Sources */,
				702012E41EFF0552002E2132 /* HTTPRequest.swift in Sources */,
				702012E51EFF0552002E2132 /* StorageManager.swift in Sources */,
				702012E61EFF0552002E2132 /* UserMovieManagerProtocol.swift in Sources */,
				702012E71EFF0552002E2132 /* UserMovieRepository.swift in Sources */,
				702012E81EFF0552002E2132 /* AsynchronousOperation.swift in Sources */,
				702012E91EFF0552002E2132 /* UserManagerProtocol.swift in Sources */,
				702012EA1EFF0552002E2132 /* StorageType.swift in Sources */,
				702012EB1EFF0552002E2132 /* UserMovieLibraryViewModel.swift in Sources */,
				702012EC1EFF0552002E2132 /* AppDelegate.swift in Sources */,
				702012ED1EFF0552002E2132 /* StorageManagerProtocol.swift in Sources */,
				702012EE1EFF0552002E2132 /* MovieManagerProtocol.swift in Sources */,
				702012EF1EFF0552002E2132 /* UserRepositoryOperation.swift in Sources */,
				702012F01EFF0552002E2132 /* UserRepository.swift in Sources */,
				702012F11EFF0552002E2132 /* JSON.swift in Sources */,
				702012F21EFF0552002E2132 /* RadioButton.swift in Sources */,
				702012F31EFF0552002E2132 /* UserMovieRespositoryProtocol.swift in Sources */,
				702012F41EFF0552002E2132 /* MovieList.swift in Sources */,
				702012F51EFF0552002E2132 /* HTTPRequestProtocol.swift in Sources */,
				702012F61EFF0552002E2132 /* LoginViewModel.swift in Sources */,
				702012F71EFF0552002E2132 /* UserManager.swift in Sources */,
				702012F81EFF0552002E2132 /* User.swift in Sources */,
				702012F91EFF0552002E2132 /* NotificationCenterUtil.swift in Sources */,
				702012FA1EFF0552002E2132 /* MovieLibraryCollectionViewCell.swift in Sources */,
				702012FB1EFF0552002E2132 /* MovieListViewModel.swift in Sources */,
				702012FC1EFF0552002E2132 /* UserMovieRepositoryOperation.swift in Sources */,
				702012FD1EFF0552002E2132 /* MovieListTableViewCell.swift in Sources */,
				702012FE1EFF0552002E2132 /* Crew.swift in Sources */,
			);
			runOnlyForDeploymentPostprocessing = 0;
		};
		70DC750A1E5627D900115439 /* Sources */ = {
			isa = PBXSourcesBuildPhase;
			buildActionMask = 2147483647;
			files = (
				70749B7C1E5F371100F2CC8C /* MovieDetailsViewModel.swift in Sources */,
				70749B701E5CFF9E00F2CC8C /* Movie.swift in Sources */,
				70749B591E5BC0DC00F2CC8C /* MovieListTableViewController.swift in Sources */,
				70DC75421E563CE500115439 /* Response.swift in Sources */,
				7081781E1EA5E4E4008AB7D5 /* StringUtil.swift in Sources */,
				70EDA6491E6E984800A7FA42 /* StorageSelectionViewModel.swift in Sources */,
				70749B7E1E61EF2C00F2CC8C /* Cast.swift in Sources */,
				70749B5D1E5BC18E00F2CC8C /* MovieManager.swift in Sources */,
				70749B641E5BE5EE00F2CC8C /* ConfigUtil.swift in Sources */,
				70749B861E66579900F2CC8C /* StorageSelectionViewController.swift in Sources */,
				70749B681E5BE98B00F2CC8C /* APIList.swift in Sources */,
				70DC753A1E5633EF00115439 /* LoginViewController.swift in Sources */,
				70EDA6571E714BE100A7FA42 /* UserMovieManager.swift in Sources */,
				706145811E5B70BE00A18A7E /* UserRepositoryProtocol.swift in Sources */,
				70EDA65D1E71BA0200A7FA42 /* UserMovieLibraryViewController.swift in Sources */,
				70749B791E5E60E200F2CC8C /* MovieDetailsViewController.swift in Sources */,
				70749B6A1E5BEA0400F2CC8C /* NetworkOperation.swift in Sources */,
				70EDA6441E6D3EA600A7FA42 /* StorageDetailTableViewCell.swift in Sources */,
				70749B841E65D00800F2CC8C /* StorageMethod.swift in Sources */,
				70EDA65F1E71F59F00A7FA42 /* MovieLibraryTableViewCell.swift in Sources */,
				70749B621E5BE56A00F2CC8C /* HTTPRequest.swift in Sources */,
				70EDA64B1E6F348D00A7FA42 /* StorageManager.swift in Sources */,
				70EDA6591E714EBB00A7FA42 /* UserMovieManagerProtocol.swift in Sources */,
				70EDA64D1E6F361D00A7FA42 /* UserMovieRepository.swift in Sources */,
				70DC75471E563EF600115439 /* AsynchronousOperation.swift in Sources */,
				706145871E5B8FD100A18A7E /* UserManagerProtocol.swift in Sources */,
				70749B821E65CEC100F2CC8C /* StorageType.swift in Sources */,
				70EDA65B1E71507500A7FA42 /* UserMovieLibraryViewModel.swift in Sources */,
				70DC75121E5627D900115439 /* AppDelegate.swift in Sources */,
				70EDA6531E6F859100A7FA42 /* StorageManagerProtocol.swift in Sources */,
				70749B5B1E5BC15F00F2CC8C /* MovieManagerProtocol.swift in Sources */,
				70DC754A1E563F5600115439 /* UserRepositoryOperation.swift in Sources */,
				7061457F1E5B706E00A18A7E /* UserRepository.swift in Sources */,
				70EDA6551E7127D400A7FA42 /* JSON.swift in Sources */,
				70EDA6471E6E1C0800A7FA42 /* RadioButton.swift in Sources */,
				70EDA6511E6F671E00A7FA42 /* UserMovieRespositoryProtocol.swift in Sources */,
				70749B721E5D08F800F2CC8C /* MovieList.swift in Sources */,
				70749B601E5BE4BA00F2CC8C /* HTTPRequestProtocol.swift in Sources */,
				70DC753F1E563C7400115439 /* LoginViewModel.swift in Sources */,
				706145841E5B763500A18A7E /* UserManager.swift in Sources */,
				70DC754D1E563FD800115439 /* User.swift in Sources */,
				70925E701E752FFB00A5B42C /* NotificationCenterUtil.swift in Sources */,
				705D9E831EA04234007E9DE9 /* MovieLibraryCollectionViewCell.swift in Sources */,
				70749B6C1E5BF2BC00F2CC8C /* MovieListViewModel.swift in Sources */,
				70EDA64F1E6F66BA00A7FA42 /* UserMovieRepositoryOperation.swift in Sources */,
				70749B771E5D328B00F2CC8C /* MovieListTableViewCell.swift in Sources */,
				70749B801E61F06600F2CC8C /* Crew.swift in Sources */,
			);
			runOnlyForDeploymentPostprocessing = 0;
		};
		70DC751E1E5627D900115439 /* Sources */ = {
			isa = PBXSourcesBuildPhase;
			buildActionMask = 2147483647;
			files = (
				70DC75271E5627D900115439 /* DoIOwnItTests.swift in Sources */,
			);
			runOnlyForDeploymentPostprocessing = 0;
		};
/* End PBXSourcesBuildPhase section */

/* Begin PBXTargetDependency section */
		70DC75241E5627D900115439 /* PBXTargetDependency */ = {
			isa = PBXTargetDependency;
			target = 70DC750D1E5627D900115439 /* DoIOwnIt */;
			targetProxy = 70DC75231E5627D900115439 /* PBXContainerItemProxy */;
		};
/* End PBXTargetDependency section */

/* Begin XCBuildConfiguration section */
		7020130C1EFF0552002E2132 /* Debug */ = {
			isa = XCBuildConfiguration;
			baseConfigurationReference = C1D17D30A4C91173DEC659B5 /* Pods-DoIOwnIt.debug.xcconfig */;
			buildSettings = {
				ASSETCATALOG_COMPILER_APPICON_NAME = AppIcon;
				DEVELOPMENT_TEAM = 3Y57FJF6PJ;
				INFOPLIST_FILE = "$(SRCROOT)/DoIOwnIt-beta-Info.plist";
				IPHONEOS_DEPLOYMENT_TARGET = 10.0;
				LD_RUNPATH_SEARCH_PATHS = "$(inherited) @executable_path/Frameworks";
				PRODUCT_BUNDLE_IDENTIFIER = "com.malinka.DoIOwnIt-beta";
				PRODUCT_NAME = "$(TARGET_NAME)";
				SWIFT_VERSION = 3.0;
			};
			name = Debug;
		};
		7020130D1EFF0552002E2132 /* Release */ = {
			isa = XCBuildConfiguration;
			baseConfigurationReference = 3400611429ED1FAE7D28151E /* Pods-DoIOwnIt.release.xcconfig */;
			buildSettings = {
				ASSETCATALOG_COMPILER_APPICON_NAME = AppIcon;
				DEVELOPMENT_TEAM = 3Y57FJF6PJ;
				INFOPLIST_FILE = "$(SRCROOT)/DoIOwnIt-beta-Info.plist";
				IPHONEOS_DEPLOYMENT_TARGET = 10.0;
				LD_RUNPATH_SEARCH_PATHS = "$(inherited) @executable_path/Frameworks";
				PRODUCT_BUNDLE_IDENTIFIER = "com.malinka.DoIOwnIt-beta";
				PRODUCT_NAME = "$(TARGET_NAME)";
				SWIFT_VERSION = 3.0;
			};
			name = Release;
		};
		70DC75291E5627D900115439 /* Debug */ = {
			isa = XCBuildConfiguration;
			buildSettings = {
				ALWAYS_SEARCH_USER_PATHS = NO;
				CLANG_ANALYZER_NONNULL = YES;
				CLANG_CXX_LANGUAGE_STANDARD = "gnu++0x";
				CLANG_CXX_LIBRARY = "libc++";
				CLANG_ENABLE_MODULES = YES;
				CLANG_ENABLE_OBJC_ARC = YES;
				CLANG_WARN_BOOL_CONVERSION = YES;
				CLANG_WARN_CONSTANT_CONVERSION = YES;
				CLANG_WARN_DIRECT_OBJC_ISA_USAGE = YES_ERROR;
				CLANG_WARN_DOCUMENTATION_COMMENTS = YES;
				CLANG_WARN_EMPTY_BODY = YES;
				CLANG_WARN_ENUM_CONVERSION = YES;
				CLANG_WARN_INFINITE_RECURSION = YES;
				CLANG_WARN_INT_CONVERSION = YES;
				CLANG_WARN_OBJC_ROOT_CLASS = YES_ERROR;
				CLANG_WARN_SUSPICIOUS_MOVE = YES;
				CLANG_WARN_UNREACHABLE_CODE = YES;
				CLANG_WARN__DUPLICATE_METHOD_MATCH = YES;
				"CODE_SIGN_IDENTITY[sdk=iphoneos*]" = "iPhone Developer";
				COPY_PHASE_STRIP = NO;
				DEBUG_INFORMATION_FORMAT = dwarf;
				ENABLE_STRICT_OBJC_MSGSEND = YES;
				ENABLE_TESTABILITY = YES;
				GCC_C_LANGUAGE_STANDARD = gnu99;
				GCC_DYNAMIC_NO_PIC = NO;
				GCC_NO_COMMON_BLOCKS = YES;
				GCC_OPTIMIZATION_LEVEL = 0;
				GCC_PREPROCESSOR_DEFINITIONS = (
					"DEBUG=1",
					"$(inherited)",
				);
				GCC_WARN_64_TO_32_BIT_CONVERSION = YES;
				GCC_WARN_ABOUT_RETURN_TYPE = YES_ERROR;
				GCC_WARN_UNDECLARED_SELECTOR = YES;
				GCC_WARN_UNINITIALIZED_AUTOS = YES_AGGRESSIVE;
				GCC_WARN_UNUSED_FUNCTION = YES;
				GCC_WARN_UNUSED_VARIABLE = YES;
				IPHONEOS_DEPLOYMENT_TARGET = 9.0;
				MTL_ENABLE_DEBUG_INFO = YES;
				ONLY_ACTIVE_ARCH = YES;
				SDKROOT = iphoneos;
				SWIFT_ACTIVE_COMPILATION_CONDITIONS = DEBUG;
				SWIFT_OPTIMIZATION_LEVEL = "-Onone";
			};
			name = Debug;
		};
		70DC752A1E5627D900115439 /* Release */ = {
			isa = XCBuildConfiguration;
			buildSettings = {
				ALWAYS_SEARCH_USER_PATHS = NO;
				CLANG_ANALYZER_NONNULL = YES;
				CLANG_CXX_LANGUAGE_STANDARD = "gnu++0x";
				CLANG_CXX_LIBRARY = "libc++";
				CLANG_ENABLE_MODULES = YES;
				CLANG_ENABLE_OBJC_ARC = YES;
				CLANG_WARN_BOOL_CONVERSION = YES;
				CLANG_WARN_CONSTANT_CONVERSION = YES;
				CLANG_WARN_DIRECT_OBJC_ISA_USAGE = YES_ERROR;
				CLANG_WARN_DOCUMENTATION_COMMENTS = YES;
				CLANG_WARN_EMPTY_BODY = YES;
				CLANG_WARN_ENUM_CONVERSION = YES;
				CLANG_WARN_INFINITE_RECURSION = YES;
				CLANG_WARN_INT_CONVERSION = YES;
				CLANG_WARN_OBJC_ROOT_CLASS = YES_ERROR;
				CLANG_WARN_SUSPICIOUS_MOVE = YES;
				CLANG_WARN_UNREACHABLE_CODE = YES;
				CLANG_WARN__DUPLICATE_METHOD_MATCH = YES;
				"CODE_SIGN_IDENTITY[sdk=iphoneos*]" = "iPhone Developer";
				COPY_PHASE_STRIP = NO;
				DEBUG_INFORMATION_FORMAT = "dwarf-with-dsym";
				ENABLE_NS_ASSERTIONS = NO;
				ENABLE_STRICT_OBJC_MSGSEND = YES;
				GCC_C_LANGUAGE_STANDARD = gnu99;
				GCC_NO_COMMON_BLOCKS = YES;
				GCC_WARN_64_TO_32_BIT_CONVERSION = YES;
				GCC_WARN_ABOUT_RETURN_TYPE = YES_ERROR;
				GCC_WARN_UNDECLARED_SELECTOR = YES;
				GCC_WARN_UNINITIALIZED_AUTOS = YES_AGGRESSIVE;
				GCC_WARN_UNUSED_FUNCTION = YES;
				GCC_WARN_UNUSED_VARIABLE = YES;
				IPHONEOS_DEPLOYMENT_TARGET = 9.0;
				MTL_ENABLE_DEBUG_INFO = NO;
				SDKROOT = iphoneos;
				SWIFT_OPTIMIZATION_LEVEL = "-Owholemodule";
				VALIDATE_PRODUCT = YES;
			};
			name = Release;
		};
		70DC752C1E5627D900115439 /* Debug */ = {
			isa = XCBuildConfiguration;
			baseConfigurationReference = C1D17D30A4C91173DEC659B5 /* Pods-DoIOwnIt.debug.xcconfig */;
			buildSettings = {
				ASSETCATALOG_COMPILER_APPICON_NAME = AppIcon;
				DEVELOPMENT_TEAM = 3Y57FJF6PJ;
				INFOPLIST_FILE = DoIOwnIt/Info.plist;
				IPHONEOS_DEPLOYMENT_TARGET = 10.0;
				LD_RUNPATH_SEARCH_PATHS = "$(inherited) @executable_path/Frameworks";
				PRODUCT_BUNDLE_IDENTIFIER = com.malinka.DoIOwnIt;
				PRODUCT_NAME = "$(TARGET_NAME)";
				SWIFT_VERSION = 3.0;
			};
			name = Debug;
		};
		70DC752D1E5627D900115439 /* Release */ = {
			isa = XCBuildConfiguration;
			baseConfigurationReference = 3400611429ED1FAE7D28151E /* Pods-DoIOwnIt.release.xcconfig */;
			buildSettings = {
				ASSETCATALOG_COMPILER_APPICON_NAME = AppIcon;
				DEVELOPMENT_TEAM = 3Y57FJF6PJ;
				INFOPLIST_FILE = DoIOwnIt/Info.plist;
				IPHONEOS_DEPLOYMENT_TARGET = 10.0;
				LD_RUNPATH_SEARCH_PATHS = "$(inherited) @executable_path/Frameworks";
				PRODUCT_BUNDLE_IDENTIFIER = com.malinka.DoIOwnIt;
				PRODUCT_NAME = "$(TARGET_NAME)";
				SWIFT_VERSION = 3.0;
			};
			name = Release;
		};
		70DC752F1E5627D900115439 /* Debug */ = {
			isa = XCBuildConfiguration;
			baseConfigurationReference = 6C726D724955055D6F069773 /* Pods-DoIOwnItTests.debug.xcconfig */;
			buildSettings = {
				ALWAYS_EMBED_SWIFT_STANDARD_LIBRARIES = YES;
				BUNDLE_LOADER = "$(TEST_HOST)";
				DEVELOPMENT_TEAM = 3Y57FJF6PJ;
				INFOPLIST_FILE = DoIOwnItTests/Info.plist;
				LD_RUNPATH_SEARCH_PATHS = "$(inherited) @executable_path/Frameworks @loader_path/Frameworks";
				PRODUCT_BUNDLE_IDENTIFIER = com.malinka.DoIOwnItTests;
				PRODUCT_NAME = "$(TARGET_NAME)";
				SWIFT_VERSION = 3.0;
				TEST_HOST = "$(BUILT_PRODUCTS_DIR)/DoIOwnIt.app/DoIOwnIt";
			};
			name = Debug;
		};
		70DC75301E5627D900115439 /* Release */ = {
			isa = XCBuildConfiguration;
			baseConfigurationReference = 4A3C85C8257F0A4CCA267735 /* Pods-DoIOwnItTests.release.xcconfig */;
			buildSettings = {
				ALWAYS_EMBED_SWIFT_STANDARD_LIBRARIES = YES;
				BUNDLE_LOADER = "$(TEST_HOST)";
				DEVELOPMENT_TEAM = 3Y57FJF6PJ;
				INFOPLIST_FILE = DoIOwnItTests/Info.plist;
				LD_RUNPATH_SEARCH_PATHS = "$(inherited) @executable_path/Frameworks @loader_path/Frameworks";
				PRODUCT_BUNDLE_IDENTIFIER = com.malinka.DoIOwnItTests;
				PRODUCT_NAME = "$(TARGET_NAME)";
				SWIFT_VERSION = 3.0;
				TEST_HOST = "$(BUILT_PRODUCTS_DIR)/DoIOwnIt.app/DoIOwnIt";
			};
			name = Release;
		};
/* End XCBuildConfiguration section */

/* Begin XCConfigurationList section */
		7020130B1EFF0552002E2132 /* Build configuration list for PBXNativeTarget "DoIOwnIt-beta" */ = {
			isa = XCConfigurationList;
			buildConfigurations = (
				7020130C1EFF0552002E2132 /* Debug */,
				7020130D1EFF0552002E2132 /* Release */,
			);
			defaultConfigurationIsVisible = 0;
			defaultConfigurationName = Release;
		};
		70DC75091E5627D900115439 /* Build configuration list for PBXProject "DoIOwnIt" */ = {
			isa = XCConfigurationList;
			buildConfigurations = (
				70DC75291E5627D900115439 /* Debug */,
				70DC752A1E5627D900115439 /* Release */,
			);
			defaultConfigurationIsVisible = 0;
			defaultConfigurationName = Release;
		};
		70DC752B1E5627D900115439 /* Build configuration list for PBXNativeTarget "DoIOwnIt" */ = {
			isa = XCConfigurationList;
			buildConfigurations = (
				70DC752C1E5627D900115439 /* Debug */,
				70DC752D1E5627D900115439 /* Release */,
			);
			defaultConfigurationIsVisible = 0;
			defaultConfigurationName = Release;
		};
		70DC752E1E5627D900115439 /* Build configuration list for PBXNativeTarget "DoIOwnItTests" */ = {
			isa = XCConfigurationList;
			buildConfigurations = (
				70DC752F1E5627D900115439 /* Debug */,
				70DC75301E5627D900115439 /* Release */,
			);
			defaultConfigurationIsVisible = 0;
			defaultConfigurationName = Release;
		};
/* End XCConfigurationList section */
	};
	rootObject = 70DC75061E5627D900115439 /* Project object */;
}
